
Microsoft Visual Studio Solution File, Format Version 12.00
# Visual Studio Version 16
VisualStudioVersion = 16.0.30413.136
MinimumVisualStudioVersion = 10.0.40219.1
Project("{8BC9CEB8-8B4A-11D0-8D11-00A0C91BC942}") = "python integration example", "python integration example\python integration example.vcxproj", "{47D7D98F-0D66-4AD6-B697-6F3941EB350A}"
EndProject
Global
	GlobalSection(SolutionConfigurationPlatforms) = preSolution
		Debug|x64 = Debug|x64
		Debug|x86 = Debug|x86
		Release|x64 = Release|x64
		Release|x86 = Release|x86
	EndGlobalSection
	GlobalSection(ProjectConfigurationPlatforms) = postSolution
		{47D7D98F-0D66-4AD6-B697-6F3941EB350A}.Debug|x64.ActiveCfg = Debug|x64
		{47D7D98F-0D66-4AD6-B697-6F3941EB350A}.Debug|x64.Build.0 = Debug|x64
		{47D7D98F-0D66-4AD6-B697-6F3941EB350A}.Debug|x86.ActiveCfg = Debug|Win32
		{47D7D98F-0D66-4AD6-B697-6F3941EB350A}.Debug|x86.Build.0 = Debug|Win32
		{47D7D98F-0D66-4AD6-B697-6F3941EB350A}.Release|x64.ActiveCfg = Release|x64
		{47D7D98F-0D66-4AD6-B697-6F3941EB350A}.Release|x64.Build.0 = Release|x64
		{47D7D98F-0D66-4AD6-B697-6F3941EB350A}.Release|x86.ActiveCfg = Release|Win32
		{47D7D98F-0D66-4AD6-B697-6F3941EB350A}.Release|x86.Build.0 = Release|Win32
	EndGlobalSection
	GlobalSection(SolutionProperties) = preSolution
		HideSolutionNode = FALSE
	EndGlobalSection
	GlobalSection(ExtensibilityGlobals) = postSolution
		SolutionGuid = {3855101C-C4BF-4C2A-8D7A-805B2F4E7950}
	EndGlobalSection
EndGlobal
